
Microsoft Visual Studio Solution File, Format Version 12.00
# Visual Studio Version 16
VisualStudioVersion = 16.0.31129.286
MinimumVisualStudioVersion = 10.0.40219.1
Project("{FAE04EC0-301F-11D3-BF4B-00C04F79EFBC}") = "网课查题", "网课查题\网课查题.csproj", "{95804AFA-4EFD-470C-9680-14DC6843E38A}"
EndProject
Global
	GlobalSection(SolutionConfigurationPlatforms) = preSolution
		Debug|Any CPU = Debug|Any CPU
		Release|Any CPU = Release|Any CPU
	EndGlobalSection
	GlobalSection(ProjectConfigurationPlatforms) = postSolution
		{95804AFA-4EFD-470C-9680-14DC6843E38A}.Debug|Any CPU.ActiveCfg = Debug|Any CPU
		{95804AFA-4EFD-470C-9680-14DC6843E38A}.Debug|Any CPU.Build.0 = Debug|Any CPU
		{95804AFA-4EFD-470C-9680-14DC6843E38A}.Release|Any CPU.ActiveCfg = Release|Any CPU
		{95804AFA-4EFD-470C-9680-14DC6843E38A}.Release|Any CPU.Build.0 = Release|Any CPU
	EndGlobalSection
	GlobalSection(SolutionProperties) = preSolution
		HideSolutionNode = FALSE
	EndGlobalSection
	GlobalSection(ExtensibilityGlobals) = postSolution
		SolutionGuid = {D45D637C-8CF5-4911-B88E-108A33610513}
	EndGlobalSection
EndGlobal
